
Microsoft Visual Studio Solution File, Format Version 12.00
# Visual Studio Version 16
VisualStudioVersion = 16.0.29230.47
MinimumVisualStudioVersion = 10.0.40219.1
Project("{FAE04EC0-301F-11D3-BF4B-00C04F79EFBC}") = "GitHub Gissa Talet", "GitHub Gissa Talet\GitHub Gissa Talet.csproj", "{61AE27DF-9406-4421-AB31-9498FCD199FB}"
EndProject
Global
	GlobalSection(SolutionConfigurationPlatforms) = preSolution
		Debug|Any CPU = Debug|Any CPU
		Release|Any CPU = Release|Any CPU
	EndGlobalSection
	GlobalSection(ProjectConfigurationPlatforms) = postSolution
		{61AE27DF-9406-4421-AB31-9498FCD199FB}.Debug|Any CPU.ActiveCfg = Debug|Any CPU
		{61AE27DF-9406-4421-AB31-9498FCD199FB}.Debug|Any CPU.Build.0 = Debug|Any CPU
		{61AE27DF-9406-4421-AB31-9498FCD199FB}.Release|Any CPU.ActiveCfg = Release|Any CPU
		{61AE27DF-9406-4421-AB31-9498FCD199FB}.Release|Any CPU.Build.0 = Release|Any CPU
	EndGlobalSection
	GlobalSection(SolutionProperties) = preSolution
		HideSolutionNode = FALSE
	EndGlobalSection
	GlobalSection(ExtensibilityGlobals) = postSolution
		SolutionGuid = {EFEED37C-7B7A-41FA-9BCC-7107811CCA01}
	EndGlobalSection
EndGlobal
